
Microsoft Visual Studio Solution File, Format Version 12.00
# Visual Studio Version 16
VisualStudioVersion = 16.0.31624.102
MinimumVisualStudioVersion = 10.0.40219.1
Project("{FAE04EC0-301F-11D3-BF4B-00C04F79EFBC}") = "WiserTaskScheduler", "WiserTaskScheduler\WiserTaskScheduler.csproj", "{ECAD044B-F899-44C7-A6C0-5806F51B70A9}"
EndProject
Project("{FAE04EC0-301F-11D3-BF4B-00C04F79EFBC}") = "AutoUpdater", "AutoUpdater\AutoUpdater.csproj", "{EF0799C9-2E89-4AFD-B31D-5F3A245C3244}"
EndProject
Project("{2150E333-8FDC-42A3-9474-1A3956D46DE8}") = "GitHub", "GitHub", "{7148BE77-B730-4A04-A11A-62C0E46DAE34}"
	ProjectSection(SolutionItems) = preProject
		..\.github\CODEOWNERS = ..\.github\CODEOWNERS
		..\.github\dependabot.yml = ..\.github\dependabot.yml
		..\.github\pull_request_template.md = ..\.github\pull_request_template.md
		.gitattributes = .gitattributes
		.gitignore = .gitignore
	EndProjectSection
EndProject
Project("{2150E333-8FDC-42A3-9474-1A3956D46DE8}") = "Documentation", "Documentation", "{A03262FB-F3BE-4AE9-9424-CA1AACCA72E4}"
	ProjectSection(SolutionItems) = preProject
		..\CONTRIBUTING.md = ..\CONTRIBUTING.md
		..\LICENCE.md = ..\LICENCE.md
		..\README.md = ..\README.md
	EndProjectSection
EndProject
Project("{2150E333-8FDC-42A3-9474-1A3956D46DE8}") = "Docker", "Docker", "{61F15D94-48E0-496C-AB03-D18290B61B0F}"
	ProjectSection(SolutionItems) = preProject
		.dockerignore = .dockerignore
		compose.yaml = compose.yaml
		Dockerfile = Dockerfile
		entrypoint.sh = entrypoint.sh
	EndProjectSection
Project("{FAE04EC0-301F-11D3-BF4B-00C04F79EFBC}") = "WiserTaskScheduler.Tests", "WiserTaskScheduler.Tests\WiserTaskScheduler.Tests.csproj", "{F4EEEE53-94E2-4867-9318-F183FF44BE69}"
EndProject
Project("{2150E333-8FDC-42A3-9474-1A3956D46DE8}") = "Update", "Update", "{AEE874A3-88ED-43A3-B30D-16DD9BD2884B}"
	ProjectSection(SolutionItems) = preProject
		..\Update\versions.json = ..\Update\versions.json
	EndProjectSection
EndProject
Global
	GlobalSection(SolutionConfigurationPlatforms) = preSolution
		Debug|Any CPU = Debug|Any CPU
		Debug|x64 = Debug|x64
		Debug|x86 = Debug|x86
		Release|Any CPU = Release|Any CPU
		Release|x64 = Release|x64
		Release|x86 = Release|x86
	EndGlobalSection
	GlobalSection(ProjectConfigurationPlatforms) = postSolution
		{ECAD044B-F899-44C7-A6C0-5806F51B70A9}.Debug|Any CPU.ActiveCfg = Debug|Any CPU
		{ECAD044B-F899-44C7-A6C0-5806F51B70A9}.Debug|Any CPU.Build.0 = Debug|Any CPU
		{ECAD044B-F899-44C7-A6C0-5806F51B70A9}.Debug|x64.ActiveCfg = Debug|Any CPU
		{ECAD044B-F899-44C7-A6C0-5806F51B70A9}.Debug|x64.Build.0 = Debug|Any CPU
		{ECAD044B-F899-44C7-A6C0-5806F51B70A9}.Debug|x86.ActiveCfg = Debug|Any CPU
		{ECAD044B-F899-44C7-A6C0-5806F51B70A9}.Debug|x86.Build.0 = Debug|Any CPU
		{ECAD044B-F899-44C7-A6C0-5806F51B70A9}.Release|Any CPU.ActiveCfg = Release|Any CPU
		{ECAD044B-F899-44C7-A6C0-5806F51B70A9}.Release|Any CPU.Build.0 = Release|Any CPU
		{ECAD044B-F899-44C7-A6C0-5806F51B70A9}.Release|x64.ActiveCfg = Release|Any CPU
		{ECAD044B-F899-44C7-A6C0-5806F51B70A9}.Release|x64.Build.0 = Release|Any CPU
		{ECAD044B-F899-44C7-A6C0-5806F51B70A9}.Release|x86.ActiveCfg = Release|Any CPU
		{ECAD044B-F899-44C7-A6C0-5806F51B70A9}.Release|x86.Build.0 = Release|Any CPU
		{EF0799C9-2E89-4AFD-B31D-5F3A245C3244}.Debug|Any CPU.ActiveCfg = Debug|Any CPU
		{EF0799C9-2E89-4AFD-B31D-5F3A245C3244}.Debug|Any CPU.Build.0 = Debug|Any CPU
		{EF0799C9-2E89-4AFD-B31D-5F3A245C3244}.Debug|x64.ActiveCfg = Debug|Any CPU
		{EF0799C9-2E89-4AFD-B31D-5F3A245C3244}.Debug|x64.Build.0 = Debug|Any CPU
		{EF0799C9-2E89-4AFD-B31D-5F3A245C3244}.Debug|x86.ActiveCfg = Debug|Any CPU
		{EF0799C9-2E89-4AFD-B31D-5F3A245C3244}.Debug|x86.Build.0 = Debug|Any CPU
		{EF0799C9-2E89-4AFD-B31D-5F3A245C3244}.Release|Any CPU.ActiveCfg = Release|Any CPU
		{EF0799C9-2E89-4AFD-B31D-5F3A245C3244}.Release|Any CPU.Build.0 = Release|Any CPU
		{EF0799C9-2E89-4AFD-B31D-5F3A245C3244}.Release|x64.ActiveCfg = Release|Any CPU
		{EF0799C9-2E89-4AFD-B31D-5F3A245C3244}.Release|x64.Build.0 = Release|Any CPU
		{EF0799C9-2E89-4AFD-B31D-5F3A245C3244}.Release|x86.ActiveCfg = Release|Any CPU
		{EF0799C9-2E89-4AFD-B31D-5F3A245C3244}.Release|x86.Build.0 = Release|Any CPU
		{F4EEEE53-94E2-4867-9318-F183FF44BE69}.Debug|Any CPU.ActiveCfg = Debug|Any CPU
		{F4EEEE53-94E2-4867-9318-F183FF44BE69}.Debug|Any CPU.Build.0 = Debug|Any CPU
		{F4EEEE53-94E2-4867-9318-F183FF44BE69}.Release|Any CPU.ActiveCfg = Release|Any CPU
		{F4EEEE53-94E2-4867-9318-F183FF44BE69}.Release|Any CPU.Build.0 = Release|Any CPU
	EndGlobalSection
	GlobalSection(SolutionProperties) = preSolution
		HideSolutionNode = FALSE
	EndGlobalSection
	GlobalSection(ExtensibilityGlobals) = postSolution
		SolutionGuid = {DF7CA463-6B41-48E6-9F97-CE1DE01BC62A}
	EndGlobalSection
	GlobalSection(NestedProjects) = preSolution
	EndGlobalSection
EndGlobal
